
Microsoft Visual Studio Solution File, Format Version 12.00
# Visual Studio 15
VisualStudioVersion = 15.0.28010.2026
MinimumVisualStudioVersion = 10.0.40219.1
Project("{FAE04EC0-301F-11D3-BF4B-00C04F79EFBC}") = "NumericalSequence", "NumericalSequence\NumericalSequence.csproj", "{DB3286E2-D909-440B-874F-EFF8BC74770B}"
EndProject
Project("{FAE04EC0-301F-11D3-BF4B-00C04F79EFBC}") = "FibonacciSequence", "FibonacciSequence\FibonacciSequence.csproj", "{F7028BF5-FEDD-4092-866E-4BAAD2E64705}"
EndProject
Project("{FAE04EC0-301F-11D3-BF4B-00C04F79EFBC}") = "FileParser", "FileParser\FileParser.csproj", "{04E3F08E-2DF3-4284-B86C-046B060D5FA4}"
EndProject
Project("{FAE04EC0-301F-11D3-BF4B-00C04F79EFBC}") = "AdditionalClasses", "AdditionalClasses\AdditionalClasses.csproj", "{33FEC376-5716-40A7-B0FF-7C577C468A87}"
EndProject
Project("{FAE04EC0-301F-11D3-BF4B-00C04F79EFBC}") = "Interfaces", "Interfaces\Interfaces.csproj", "{78B6D4F2-3AA6-40DD-99E4-D2289FC6E05C}"
EndProject
Project("{FAE04EC0-301F-11D3-BF4B-00C04F79EFBC}") = "ChessBoard", "ChessBoard\ChessBoard.csproj", "{FB26252E-1D63-4BD0-81A5-8A421634F78B}"
EndProject
Project("{FAE04EC0-301F-11D3-BF4B-00C04F79EFBC}") = "FibonacciSequence.Tests", "FibonacciSequence.Tests\FibonacciSequence.Tests.csproj", "{34A45E0C-1AE3-475C-8417-C27BDE4C7351}"
EndProject
Global
	GlobalSection(SolutionConfigurationPlatforms) = preSolution
		Debug|Any CPU = Debug|Any CPU
		Release|Any CPU = Release|Any CPU
	EndGlobalSection
	GlobalSection(ProjectConfigurationPlatforms) = postSolution
		{DB3286E2-D909-440B-874F-EFF8BC74770B}.Debug|Any CPU.ActiveCfg = Debug|Any CPU
		{DB3286E2-D909-440B-874F-EFF8BC74770B}.Debug|Any CPU.Build.0 = Debug|Any CPU
		{DB3286E2-D909-440B-874F-EFF8BC74770B}.Release|Any CPU.ActiveCfg = Release|Any CPU
		{DB3286E2-D909-440B-874F-EFF8BC74770B}.Release|Any CPU.Build.0 = Release|Any CPU
		{F7028BF5-FEDD-4092-866E-4BAAD2E64705}.Debug|Any CPU.ActiveCfg = Debug|Any CPU
		{F7028BF5-FEDD-4092-866E-4BAAD2E64705}.Debug|Any CPU.Build.0 = Debug|Any CPU
		{F7028BF5-FEDD-4092-866E-4BAAD2E64705}.Release|Any CPU.ActiveCfg = Release|Any CPU
		{F7028BF5-FEDD-4092-866E-4BAAD2E64705}.Release|Any CPU.Build.0 = Release|Any CPU
		{04E3F08E-2DF3-4284-B86C-046B060D5FA4}.Debug|Any CPU.ActiveCfg = Debug|Any CPU
		{04E3F08E-2DF3-4284-B86C-046B060D5FA4}.Debug|Any CPU.Build.0 = Debug|Any CPU
		{04E3F08E-2DF3-4284-B86C-046B060D5FA4}.Release|Any CPU.ActiveCfg = Release|Any CPU
		{04E3F08E-2DF3-4284-B86C-046B060D5FA4}.Release|Any CPU.Build.0 = Release|Any CPU
		{33FEC376-5716-40A7-B0FF-7C577C468A87}.Debug|Any CPU.ActiveCfg = Debug|Any CPU
		{33FEC376-5716-40A7-B0FF-7C577C468A87}.Debug|Any CPU.Build.0 = Debug|Any CPU
		{33FEC376-5716-40A7-B0FF-7C577C468A87}.Release|Any CPU.ActiveCfg = Release|Any CPU
		{33FEC376-5716-40A7-B0FF-7C577C468A87}.Release|Any CPU.Build.0 = Release|Any CPU
		{78B6D4F2-3AA6-40DD-99E4-D2289FC6E05C}.Debug|Any CPU.ActiveCfg = Debug|Any CPU
		{78B6D4F2-3AA6-40DD-99E4-D2289FC6E05C}.Debug|Any CPU.Build.0 = Debug|Any CPU
		{78B6D4F2-3AA6-40DD-99E4-D2289FC6E05C}.Release|Any CPU.ActiveCfg = Release|Any CPU
		{78B6D4F2-3AA6-40DD-99E4-D2289FC6E05C}.Release|Any CPU.Build.0 = Release|Any CPU
		{FB26252E-1D63-4BD0-81A5-8A421634F78B}.Debug|Any CPU.ActiveCfg = Debug|Any CPU
		{FB26252E-1D63-4BD0-81A5-8A421634F78B}.Debug|Any CPU.Build.0 = Debug|Any CPU
		{FB26252E-1D63-4BD0-81A5-8A421634F78B}.Release|Any CPU.ActiveCfg = Release|Any CPU
		{FB26252E-1D63-4BD0-81A5-8A421634F78B}.Release|Any CPU.Build.0 = Release|Any CPU
		{34A45E0C-1AE3-475C-8417-C27BDE4C7351}.Debug|Any CPU.ActiveCfg = Debug|Any CPU
		{34A45E0C-1AE3-475C-8417-C27BDE4C7351}.Debug|Any CPU.Build.0 = Debug|Any CPU
		{34A45E0C-1AE3-475C-8417-C27BDE4C7351}.Release|Any CPU.ActiveCfg = Release|Any CPU
		{34A45E0C-1AE3-475C-8417-C27BDE4C7351}.Release|Any CPU.Build.0 = Release|Any CPU
	EndGlobalSection
	GlobalSection(SolutionProperties) = preSolution
		HideSolutionNode = FALSE
	EndGlobalSection
	GlobalSection(ExtensibilityGlobals) = postSolution
		SolutionGuid = {57BD92D4-5AD7-4435-B8EC-8A93745BBD4E}
	EndGlobalSection
EndGlobal
